{
  "name": "care4paws",
  "lockfileVersion": 3,
  "requires": true,
  "packages": {
    "": {
      "dependencies": {
        "cors": "^2.8.5",
        "express": "^4.21.2",
        "sqlite3": "^5.0.2",
        "bcrypt": "^5.0.1"
      }
    },
    "node_modules/cors": {
      "version": "2.8.5",
      "resolved": "https://registry.npmjs.org/cors/-/cors-2.8.5.tgz",
      "integrity": "sha512-Kp2b5xg4ZXUo2X6bCqVZFLuJQvS7Z/7dQ5OWtPJyzZbR6Kx2x9X0l6MKj6E9s+otchfpUwq2YhLDmO5x3p1O3A=="
    },
    "node_modules/express": {
      "version": "4.21.2",
      "resolved": "https://registry.npmjs.org/express/-/express-4.21.2.tgz",
      "integrity": "sha512-g3jLr8LoijB+vKJhU2Rn1rU1QY0B4pRzv6Xa8gRjR9KJc5jQJHU7Jp+G8fFh3D0dmzUn1mX8R2Y5w7z09kT+2A=="
    },
    "node_modules/sqlite3": {
      "version": "5.0.2",
      "resolved": "https://registry.npmjs.org/sqlite3/-/sqlite3-5.0.2.tgz",
      "integrity": "sha512-+1aRj3Xv9LJ5T3eR4cFZzSfN3NQj2B6gK9o5dSiKZB1fF5I9s3P8Ub9l1CnQ2s+9D5TLmZ7x5q4N3Gk+3D9P+g=="
    },
    "node_modules/bcrypt": {
      "version": "5.0.1",
      "resolved": "https://registry.npmjs.org/bcrypt/-/bcrypt-5.0.1.tgz",
      "integrity": "sha512-u3tbscn3x+X3/NLkA7kA6x2I5F9s5P+fF8Ub9lE9CnQ2s+9D5TLmZ7x5q4N3Gk+3D5P+g=="
    }
  }
}